[root]
name = "keyboard"
version = "0.1.0"
dependencies = [
 "core-graphics 0.4.1 (git+https://github.com/WilsonGiese/core-graphics-rs)",
]

[[package]]
name = "core-foundation"
version = "0.2.2"
source = "registry+https://github.com/rust-lang/crates.io-index"
dependencies = [
 "core-foundation-sys 0.2.2 (registry+https://github.com/rust-lang/crates.io-index)",
 "libc 0.2.17 (registry+https://github.com/rust-lang/crates.io-index)",
]

[[package]]
name = "core-foundation-sys"
version = "0.2.2"
source = "registry+https://github.com/rust-lang/crates.io-index"
dependencies = [
 "libc 0.2.17 (registry+https://github.com/rust-lang/crates.io-index)",
]

[[package]]
name = "core-graphics"
version = "0.4.1"
source = "git+https://github.com/WilsonGiese/core-graphics-rs#b06d4b24805f430b9cd09f7708f4304249e8f039"
dependencies = [
 "core-foundation 0.2.2 (registry+https://github.com/rust-lang/crates.io-index)",
 "libc 0.2.17 (registry+https://github.com/rust-lang/crates.io-index)",
 "serde 0.8.18 (registry+https://github.com/rust-lang/crates.io-index)",
]

[[package]]
name = "libc"
version = "0.2.17"
source = "registry+https://github.com/rust-lang/crates.io-index"

[[package]]
name = "serde"
version = "0.8.18"
source = "registry+https://github.com/rust-lang/crates.io-index"

[metadata]
"checksum core-foundation 0.2.2 (registry+https://github.com/rust-lang/crates.io-index)" = "20a6d0448d3a99d977ae4a2aa5a98d886a923e863e81ad9ff814645b6feb3bbd"
"checksum core-foundation-sys 0.2.2 (registry+https://github.com/rust-lang/crates.io-index)" = "05eed248dc504a5391c63794fe4fb64f46f071280afaa1b73308f3c0ce4574c5"
"checksum core-graphics 0.4.1 (git+https://github.com/WilsonGiese/core-graphics-rs)" = "<none>"
"checksum libc 0.2.17 (registry+https://github.com/rust-lang/crates.io-index)" = "044d1360593a78f5c8e5e710beccdc24ab71d1f01bc19a29bcacdba22e8475d8"
"checksum serde 0.8.18 (registry+https://github.com/rust-lang/crates.io-index)" = "d9b524a2fac246f45c36a7f3a5742c19dcb0b2d1252d1ad5458ca07f26e04a57"
